
Microsoft Visual Studio Solution File, Format Version 12.00
# Visual Studio Version 16
VisualStudioVersion = 16.0.30517.126
MinimumVisualStudioVersion = 10.0.40219.1
Project("{FAE04EC0-301F-11D3-BF4B-00C04F79EFBC}") = "Ejercicio2", "Ejercicio2\Ejercicio2.csproj", "{B4C77F3B-03E0-4592-BD50-7A4EC5EF4728}"
EndProject
Global
	GlobalSection(SolutionConfigurationPlatforms) = preSolution
		Debug|Any CPU = Debug|Any CPU
		Release|Any CPU = Release|Any CPU
	EndGlobalSection
	GlobalSection(ProjectConfigurationPlatforms) = postSolution
		{B4C77F3B-03E0-4592-BD50-7A4EC5EF4728}.Debug|Any CPU.ActiveCfg = Debug|Any CPU
		{B4C77F3B-03E0-4592-BD50-7A4EC5EF4728}.Debug|Any CPU.Build.0 = Debug|Any CPU
		{B4C77F3B-03E0-4592-BD50-7A4EC5EF4728}.Release|Any CPU.ActiveCfg = Release|Any CPU
		{B4C77F3B-03E0-4592-BD50-7A4EC5EF4728}.Release|Any CPU.Build.0 = Release|Any CPU
	EndGlobalSection
	GlobalSection(SolutionProperties) = preSolution
		HideSolutionNode = FALSE
	EndGlobalSection
	GlobalSection(ExtensibilityGlobals) = postSolution
		SolutionGuid = {EE6ACB84-CEFF-45C4-85FF-7FA01154D0F0}
	EndGlobalSection
EndGlobal
